
Microsoft Visual Studio Solution File, Format Version 12.00
# Visual Studio Version 17
VisualStudioVersion = 17.0.31903.59
MinimumVisualStudioVersion = 10.0.40219.1
Project("{FAE04EC0-301F-11D3-BF4B-00C04F79EFBC}") = "MD_Test.MathLib", "MD_Test.MathLib\MD_Test.MathLib.csproj", "{0DB129E4-67C2-431E-B4CB-3CCFE19F5271}"
EndProject
Project("{FAE04EC0-301F-11D3-BF4B-00C04F79EFBC}") = "MD_Test.MathLibTest", "MD_Test.MathLibTest\MD_Test.MathLibTest.csproj", "{F567076A-9F33-4FB9-9A62-133C117698EE}"
EndProject
Global
	GlobalSection(SolutionConfigurationPlatforms) = preSolution
		Debug|Any CPU = Debug|Any CPU
		Release|Any CPU = Release|Any CPU
	EndGlobalSection
	GlobalSection(SolutionProperties) = preSolution
		HideSolutionNode = FALSE
	EndGlobalSection
	GlobalSection(ProjectConfigurationPlatforms) = postSolution
		{0DB129E4-67C2-431E-B4CB-3CCFE19F5271}.Debug|Any CPU.ActiveCfg = Debug|Any CPU
		{0DB129E4-67C2-431E-B4CB-3CCFE19F5271}.Debug|Any CPU.Build.0 = Debug|Any CPU
		{0DB129E4-67C2-431E-B4CB-3CCFE19F5271}.Release|Any CPU.ActiveCfg = Release|Any CPU
		{0DB129E4-67C2-431E-B4CB-3CCFE19F5271}.Release|Any CPU.Build.0 = Release|Any CPU
		{F567076A-9F33-4FB9-9A62-133C117698EE}.Debug|Any CPU.ActiveCfg = Debug|Any CPU
		{F567076A-9F33-4FB9-9A62-133C117698EE}.Debug|Any CPU.Build.0 = Debug|Any CPU
		{F567076A-9F33-4FB9-9A62-133C117698EE}.Release|Any CPU.ActiveCfg = Release|Any CPU
		{F567076A-9F33-4FB9-9A62-133C117698EE}.Release|Any CPU.Build.0 = Release|Any CPU
	EndGlobalSection
EndGlobal
